# THIS IS AN AUTOGENERATED FILE. DO NOT EDIT THIS FILE DIRECTLY.
# yarn lockfile v1


"@nestjs/jwt@^10.1.0":
  version "10.1.0"
  resolved "https://registry.yarnpkg.com/@nestjs/jwt/-/jwt-10.1.0.tgz#7899b68d68b998cc140bc0af392c63fc00755236"
  integrity sha512-iLwCGS25ybUxGS7i5j/Mwuyzvp/WxJftHlm8aLEBv5GV92apz6L1QVjxLdZrqXbzo++C8gdJauhzil8qitY+6w==
  dependencies:
    "@types/jsonwebtoken" "9.0.2"
    jsonwebtoken "9.0.0"

"@types/body-parser@*":
  version "1.19.2"
  resolved "https://registry.yarnpkg.com/@types/body-parser/-/body-parser-1.19.2.tgz#aea2059e28b7658639081347ac4fab3de166e6f0"
  integrity sha512-ALYone6pm6QmwZoAgeyNksccT9Q4AWZQ6PvfwR37GT6r6FWUPguq6sUmNGSMV2Wr761oQoBxwGGa6DR5o1DC9g==
  dependencies:
    "@types/connect" "*"
    "@types/node" "*"

"@types/connect@*":
  version "3.4.35"
  resolved "https://registry.yarnpkg.com/@types/connect/-/connect-3.4.35.tgz#5fcf6ae445e4021d1fc2219a4873cc73a3bb2ad1"
  integrity sha512-cdeYyv4KWoEgpBISTxWvqYsVy444DOqehiF3fM3ne10AmJ62RSyNkUnxMJXHQWRQQX2eR94m5y1IZyDwBjV9FQ==
  dependencies:
    "@types/node" "*"

"@types/express-serve-static-core@^4.17.33":
  version "4.17.35"
  resolved "https://registry.yarnpkg.com/@types/express-serve-static-core/-/express-serve-static-core-4.17.35.tgz#c95dd4424f0d32e525d23812aa8ab8e4d3906c4f"
  integrity sha512-wALWQwrgiB2AWTT91CB62b6Yt0sNHpznUXeZEcnPU3DRdlDIz74x8Qg1UUYKSVFi+va5vKOLYRBI1bRKiLLKIg==
  dependencies:
    "@types/node" "*"
    "@types/qs" "*"
    "@types/range-parser" "*"
    "@types/send" "*"

"@types/express@*":
  version "4.17.17"
  resolved "https://registry.yarnpkg.com/@types/express/-/express-4.17.17.tgz#01d5437f6ef9cfa8668e616e13c2f2ac9a491ae4"
  integrity sha512-Q4FmmuLGBG58btUnfS1c1r/NQdlp3DMfGDGig8WhfpA2YRUtEkxAjkZb0yvplJGYdF1fsQ81iMDcH24sSCNC/Q==
  dependencies:
    "@types/body-parser" "*"
    "@types/express-serve-static-core" "^4.17.33"
    "@types/qs" "*"
    "@types/serve-static" "*"

"@types/http-errors@*":
  version "2.0.1"
  resolved "https://registry.yarnpkg.com/@types/http-errors/-/http-errors-2.0.1.tgz#20172f9578b225f6c7da63446f56d4ce108d5a65"
  integrity sha512-/K3ds8TRAfBvi5vfjuz8y6+GiAYBZ0x4tXv1Av6CWBWn0IlADc+ZX9pMq7oU0fNQPnBwIZl3rmeLp6SBApbxSQ==

"@types/jsonwebtoken@9.0.2":
  version "9.0.2"
  resolved "https://registry.yarnpkg.com/@types/jsonwebtoken/-/jsonwebtoken-9.0.2.tgz#9eeb56c76dd555039be2a3972218de5bd3b8d83e"
  integrity sha512-drE6uz7QBKq1fYqqoFKTDRdFCPHd5TCub75BM+D+cMx7NU9hUz7SESLfC2fSCXVFMO5Yj8sOWHuGqPgjc+fz0Q==
  dependencies:
    "@types/node" "*"

"@types/mime@*":
  version "3.0.1"
  resolved "https://registry.yarnpkg.com/@types/mime/-/mime-3.0.1.tgz#5f8f2bca0a5863cb69bc0b0acd88c96cb1d4ae10"
  integrity sha512-Y4XFY5VJAuw0FgAqPNd6NNoV44jbq9Bz2L7Rh/J6jLTiHBSBJa9fxqQIvkIld4GsoDOcCbvzOUAbLPsSKKg+uA==

"@types/mime@^1":
  version "1.3.2"
  resolved "https://registry.yarnpkg.com/@types/mime/-/mime-1.3.2.tgz#93e25bf9ee75fe0fd80b594bc4feb0e862111b5a"
  integrity sha512-YATxVxgRqNH6nHEIsvg6k2Boc1JHI9ZbH5iWFFv/MTkchz3b1ieGDa5T0a9RznNdI0KhVbdbWSN+KWWrQZRxTw==

"@types/node@*":
  version "20.4.5"
  resolved "https://registry.yarnpkg.com/@types/node/-/node-20.4.5.tgz#9dc0a5cb1ccce4f7a731660935ab70b9c00a5d69"
  integrity sha512-rt40Nk13II9JwQBdeYqmbn2Q6IVTA5uPhvSO+JVqdXw/6/4glI6oR9ezty/A9Hg5u7JH4OmYmuQ+XvjKm0Datg==

"@types/oauth@*":
  version "0.9.1"
  resolved "https://registry.yarnpkg.com/@types/oauth/-/oauth-0.9.1.tgz#e17221e7f7936b0459ae7d006255dff61adca305"
  integrity sha512-a1iY62/a3yhZ7qH7cNUsxoI3U/0Fe9+RnuFrpTKr+0WVOzbKlSLojShCKe20aOD1Sppv+i8Zlq0pLDuTJnwS4A==
  dependencies:
    "@types/node" "*"

"@types/passport-google-oauth20@^2.0.11":
  version "2.0.11"
  resolved "https://registry.yarnpkg.com/@types/passport-google-oauth20/-/passport-google-oauth20-2.0.11.tgz#271ec71de3030a3e1c004b24e633e4b298ccba97"
  integrity sha512-9XMT1GfwhZL7UQEiCepLef55RNPHkbrCtsU7rsWPTEOsmu5qVIW8nSemtB4p+P24CuOhA+IKkv8LsPThYghGww==
  dependencies:
    "@types/express" "*"
    "@types/passport" "*"
    "@types/passport-oauth2" "*"

"@types/passport-oauth2@*":
  version "1.4.12"
  resolved "https://registry.yarnpkg.com/@types/passport-oauth2/-/passport-oauth2-1.4.12.tgz#c2ae0ee3b16646188d8b0b6cdbc6880a0247dc5f"
  integrity sha512-RZg6cYTyEGinrZn/7REYQds6zrTxoBorX1/fdaz5UHzkG8xdFE7QQxkJagCr2ETzGII58FAFDmnmbTUVMrltNA==
  dependencies:
    "@types/express" "*"
    "@types/oauth" "*"
    "@types/passport" "*"

"@types/passport@*":
  version "1.0.12"
  resolved "https://registry.yarnpkg.com/@types/passport/-/passport-1.0.12.tgz#7dc8ab96a5e895ec13688d9e3a96920a7f42e73e"
  integrity sha512-QFdJ2TiAEoXfEQSNDISJR1Tm51I78CymqcBa8imbjo6dNNu+l2huDxxbDEIoFIwOSKMkOfHEikyDuZ38WwWsmw==
  dependencies:
    "@types/express" "*"

"@types/qs@*":
  version "6.9.7"
  resolved "https://registry.yarnpkg.com/@types/qs/-/qs-6.9.7.tgz#63bb7d067db107cc1e457c303bc25d511febf6cb"
  integrity sha512-FGa1F62FT09qcrueBA6qYTrJPVDzah9a+493+o2PCXsesWHIn27G98TsSMs3WPNbZIEj4+VJf6saSFpvD+3Zsw==

"@types/range-parser@*":
  version "1.2.4"
  resolved "https://registry.yarnpkg.com/@types/range-parser/-/range-parser-1.2.4.tgz#cd667bcfdd025213aafb7ca5915a932590acdcdc"
  integrity sha512-EEhsLsD6UsDM1yFhAvy0Cjr6VwmpMWqFBCb9w07wVugF7w9nfajxLuVmngTIpgS6svCnm6Vaw+MZhoDCKnOfsw==

"@types/send@*":
  version "0.17.1"
  resolved "https://registry.yarnpkg.com/@types/send/-/send-0.17.1.tgz#ed4932b8a2a805f1fe362a70f4e62d0ac994e301"
  integrity sha512-Cwo8LE/0rnvX7kIIa3QHCkcuF21c05Ayb0ZfxPiv0W8VRiZiNW/WuRupHKpqqGVGf7SUA44QSOUKaEd9lIrd/Q==
  dependencies:
    "@types/mime" "^1"
    "@types/node" "*"

"@types/serve-static@*":
  version "1.15.2"
  resolved "https://registry.yarnpkg.com/@types/serve-static/-/serve-static-1.15.2.tgz#3e5419ecd1e40e7405d34093f10befb43f63381a"
  integrity sha512-J2LqtvFYCzaj8pVYKw8klQXrLLk7TBZmQ4ShlcdkELFKGwGMfevMLneMMRkMgZxotOD9wg497LpC7O8PcvAmfw==
  dependencies:
    "@types/http-errors" "*"
    "@types/mime" "*"
    "@types/node" "*"

agent-base@6:
  version "6.0.2"
  resolved "https://registry.yarnpkg.com/agent-base/-/agent-base-6.0.2.tgz#49fff58577cfee3f37176feab4c22e00f86d7f77"
  integrity sha512-RZNwNclF7+MS/8bDg70amg32dyeZGZxiDuQmZxKLAlQjr3jGyLx+4Kkk58UO7D2QdgFIQCovuSuZESne6RG6XQ==
  dependencies:
    debug "4"

arrify@^2.0.0:
  version "2.0.1"
  resolved "https://registry.yarnpkg.com/arrify/-/arrify-2.0.1.tgz#c9655e9331e0abcd588d2a7cad7e9956f66701fa"
  integrity sha512-3duEwti880xqi4eAMN8AyR4a0ByT90zoYdLlevfrvU43vb0YZwZVfxOgxWrLXXXpyugL0hNZc9G6BiB5B3nUug==

base64-js@^1.3.0:
  version "1.5.1"
  resolved "https://registry.yarnpkg.com/base64-js/-/base64-js-1.5.1.tgz#1b1b440160a5bf7ad40b650f095963481903930a"
  integrity sha512-AKpaYlHn8t4SVbOHCy+b5+KKgvR4vrsD8vbvrbiQJps7fKDTkjkDry6ji0rUJjC0kzbNePLwzxq8iypo41qeWA==

base64url@3.x.x:
  version "3.0.1"
  resolved "https://registry.yarnpkg.com/base64url/-/base64url-3.0.1.tgz#6399d572e2bc3f90a9a8b22d5dbb0a32d33f788d"
  integrity sha512-ir1UPr3dkwexU7FdV8qBBbNDRUhMmIekYMFZfi+C/sLNnRESKPl23nB9b2pltqfOQNnGzsDdId90AEtG5tCx4A==

bignumber.js@^9.0.0:
  version "9.1.1"
  resolved "https://registry.yarnpkg.com/bignumber.js/-/bignumber.js-9.1.1.tgz#c4df7dc496bd849d4c9464344c1aa74228b4dac6"
  integrity sha512-pHm4LsMJ6lzgNGVfZHjMoO8sdoRhOzOH4MLmY65Jg70bpxCKu5iOHNJyfF6OyvYw7t8Fpf35RuzUyqnQsj8Vig==

buffer-equal-constant-time@1.0.1:
  version "1.0.1"
  resolved "https://registry.yarnpkg.com/buffer-equal-constant-time/-/buffer-equal-constant-time-1.0.1.tgz#f8e71132f7ffe6e01a5c9697a4c6f3e48d5cc819"
  integrity sha512-zRpUiDwd/xk6ADqPMATG8vc9VPrkck7T07OIx0gnjmJAnHnTVXNQG3vfvWNuiZIkwu9KrKdA1iJKfsfTVxE6NA==

call-bind@^1.0.0:
  version "1.0.2"
  resolved "https://registry.yarnpkg.com/call-bind/-/call-bind-1.0.2.tgz#b1d4e89e688119c3c9a903ad30abb2f6a919be3c"
  integrity sha512-7O+FbCihrB5WGbFYesctwmTKae6rOiIzmz1icreWJ+0aA7LJfuqhEso2T9ncpcFtzMQtzXf2QGGueWJGTYsqrA==
  dependencies:
    function-bind "^1.1.1"
    get-intrinsic "^1.0.2"

debug@4:
  version "4.3.4"
  resolved "https://registry.yarnpkg.com/debug/-/debug-4.3.4.tgz#1319f6579357f2338d3337d2cdd4914bb5dcc865"
  integrity sha512-PRWFHuSU3eDtQJPvnNY7Jcket1j0t5OuOsFzPPzsekD52Zl8qUfFIPEiswXqIvHWGVHOgX+7G/vCNNhehwxfkQ==
  dependencies:
    ms "2.1.2"

ecdsa-sig-formatter@1.0.11, ecdsa-sig-formatter@^1.0.11:
  version "1.0.11"
  resolved "https://registry.yarnpkg.com/ecdsa-sig-formatter/-/ecdsa-sig-formatter-1.0.11.tgz#ae0f0fa2d85045ef14a817daa3ce9acd0489e5bf"
  integrity sha512-nagl3RYrbNv6kQkeJIpt6NJZy8twLB/2vtz6yN9Z4vRKHN4/QZJIEbqohALSgwKdnksuY3k5Addp5lg8sVoVcQ==
  dependencies:
    safe-buffer "^5.0.1"

extend@^3.0.2:
  version "3.0.2"
  resolved "https://registry.yarnpkg.com/extend/-/extend-3.0.2.tgz#f8b1136b4071fbd8eb140aff858b1019ec2915fa"
  integrity sha512-fjquC59cD7CyW6urNXK0FBufkZcoiGG80wTuPujX590cB5Ttln20E2UB4S/WARVqhXffZl2LNgS+gQdPIIim/g==

fast-text-encoding@^1.0.0:
  version "1.0.6"
  resolved "https://registry.yarnpkg.com/fast-text-encoding/-/fast-text-encoding-1.0.6.tgz#0aa25f7f638222e3396d72bf936afcf1d42d6867"
  integrity sha512-VhXlQgj9ioXCqGstD37E/HBeqEGV/qOD/kmbVG8h5xKBYvM1L3lR1Zn4555cQ8GkYbJa8aJSipLPndE1k6zK2w==

function-bind@^1.1.1:
  version "1.1.1"
  resolved "https://registry.yarnpkg.com/function-bind/-/function-bind-1.1.1.tgz#a56899d3ea3c9bab874bb9773b7c5ede92f4895d"
  integrity sha512-yIovAzMX49sF8Yl58fSCWJ5svSLuaibPxXQJFLmBObTuCr0Mf1KiPopGM9NiFjiYBCbfaa2Fh6breQ6ANVTI0A==

gaxios@^5.0.0, gaxios@^5.0.1:
  version "5.1.3"
  resolved "https://registry.yarnpkg.com/gaxios/-/gaxios-5.1.3.tgz#f7fa92da0fe197c846441e5ead2573d4979e9013"
  integrity sha512-95hVgBRgEIRQQQHIbnxBXeHbW4TqFk4ZDJW7wmVtvYar72FdhRIo1UGOLS2eRAKCPEdPBWu+M7+A33D9CdX9rA==
  dependencies:
    extend "^3.0.2"
    https-proxy-agent "^5.0.0"
    is-stream "^2.0.0"
    node-fetch "^2.6.9"

gcp-metadata@^5.3.0:
  version "5.3.0"
  resolved "https://registry.yarnpkg.com/gcp-metadata/-/gcp-metadata-5.3.0.tgz#6f45eb473d0cb47d15001476b48b663744d25408"
  integrity sha512-FNTkdNEnBdlqF2oatizolQqNANMrcqJt6AAYt99B3y1aLLC8Hc5IOBb+ZnnzllodEEf6xMBp6wRcBbc16fa65w==
  dependencies:
    gaxios "^5.0.0"
    json-bigint "^1.0.0"

get-intrinsic@^1.0.2:
  version "1.2.1"
  resolved "https://registry.yarnpkg.com/get-intrinsic/-/get-intrinsic-1.2.1.tgz#d295644fed4505fc9cde952c37ee12b477a83d82"
  integrity sha512-2DcsyfABl+gVHEfCOaTrWgyt+tb6MSEGmKq+kI5HwLbIYgjgmMcV8KQ41uaKz1xxUcn9tJtgFbQUEVcEbd0FYw==
  dependencies:
    function-bind "^1.1.1"
    has "^1.0.3"
    has-proto "^1.0.1"
    has-symbols "^1.0.3"

google-auth-library@^8.0.2:
  version "8.9.0"
  resolved "https://registry.yarnpkg.com/google-auth-library/-/google-auth-library-8.9.0.tgz#15a271eb2ec35d43b81deb72211bd61b1ef14dd0"
  integrity sha512-f7aQCJODJFmYWN6PeNKzgvy9LI2tYmXnzpNDHEjG5sDNPgGb2FXQyTBnXeSH+PAtpKESFD+LmHw3Ox3mN7e1Fg==
  dependencies:
    arrify "^2.0.0"
    base64-js "^1.3.0"
    ecdsa-sig-formatter "^1.0.11"
    fast-text-encoding "^1.0.0"
    gaxios "^5.0.0"
    gcp-metadata "^5.3.0"
    gtoken "^6.1.0"
    jws "^4.0.0"
    lru-cache "^6.0.0"

google-p12-pem@^4.0.0:
  version "4.0.1"
  resolved "https://registry.yarnpkg.com/google-p12-pem/-/google-p12-pem-4.0.1.tgz#82841798253c65b7dc2a4e5fe9df141db670172a"
  integrity sha512-WPkN4yGtz05WZ5EhtlxNDWPhC4JIic6G8ePitwUWy4l+XPVYec+a0j0Ts47PDtW59y3RwAhUd9/h9ZZ63px6RQ==
  dependencies:
    node-forge "^1.3.1"

googleapis-common@^6.0.0:
  version "6.0.4"
  resolved "https://registry.yarnpkg.com/googleapis-common/-/googleapis-common-6.0.4.tgz#bd968bef2a478bcd3db51b27655502a11eaf8bf4"
  integrity sha512-m4ErxGE8unR1z0VajT6AYk3s6a9gIMM6EkDZfkPnES8joeOlEtFEJeF8IyZkb0tjPXkktUfYrE4b3Li1DNyOwA==
  dependencies:
    extend "^3.0.2"
    gaxios "^5.0.1"
    google-auth-library "^8.0.2"
    qs "^6.7.0"
    url-template "^2.0.8"
    uuid "^9.0.0"

googleapis@^123.0.0:
  version "123.0.0"
  resolved "https://registry.yarnpkg.com/googleapis/-/googleapis-123.0.0.tgz#27a1c7f9de687c91ef473bfefc423511cf36e63a"
  integrity sha512-btZanWj70+xlPWB2/r1GbfBu6qrD650ihFW9fXga+LKdkRUqXo0w2ohNPTKZiDgerJS0sh8c7bsQq9mmWFU8MA==
  dependencies:
    google-auth-library "^8.0.2"
    googleapis-common "^6.0.0"

gtoken@^6.1.0:
  version "6.1.2"
  resolved "https://registry.yarnpkg.com/gtoken/-/gtoken-6.1.2.tgz#aeb7bdb019ff4c3ba3ac100bbe7b6e74dce0e8bc"
  integrity sha512-4ccGpzz7YAr7lxrT2neugmXQ3hP9ho2gcaityLVkiUecAiwiy60Ii8gRbZeOsXV19fYaRjgBSshs8kXw+NKCPQ==
  dependencies:
    gaxios "^5.0.1"
    google-p12-pem "^4.0.0"
    jws "^4.0.0"

has-proto@^1.0.1:
  version "1.0.1"
  resolved "https://registry.yarnpkg.com/has-proto/-/has-proto-1.0.1.tgz#1885c1305538958aff469fef37937c22795408e0"
  integrity sha512-7qE+iP+O+bgF9clE5+UoBFzE65mlBiVj3tKCrlNQ0Ogwm0BjpT/gK4SlLYDMybDh5I3TCTKnPPa0oMG7JDYrhg==

has-symbols@^1.0.3:
  version "1.0.3"
  resolved "https://registry.yarnpkg.com/has-symbols/-/has-symbols-1.0.3.tgz#bb7b2c4349251dce87b125f7bdf874aa7c8b39f8"
  integrity sha512-l3LCuF6MgDNwTDKkdYGEihYjt5pRPbEg46rtlmnSPlUbgmB8LOIrKJbYYFBSbnPaJexMKtiPO8hmeRjRz2Td+A==

has@^1.0.3:
  version "1.0.3"
  resolved "https://registry.yarnpkg.com/has/-/has-1.0.3.tgz#722d7cbfc1f6aa8241f16dd814e011e1f41e8796"
  integrity sha512-f2dvO0VU6Oej7RkWJGrehjbzMAjFp5/VKPp5tTpWIV4JHHZK1/BxbFRtf/siA2SWTe09caDmVtYYzWEIbBS4zw==
  dependencies:
    function-bind "^1.1.1"

https-proxy-agent@^5.0.0:
  version "5.0.1"
  resolved "https://registry.yarnpkg.com/https-proxy-agent/-/https-proxy-agent-5.0.1.tgz#c59ef224a04fe8b754f3db0063a25ea30d0005d6"
  integrity sha512-dFcAjpTQFgoLMzC2VwU+C/CbS7uRL0lWmxDITmqm7C+7F0Odmj6s9l6alZc6AELXhrnggM2CeWSXHGOdX2YtwA==
  dependencies:
    agent-base "6"
    debug "4"

is-stream@^2.0.0:
  version "2.0.1"
  resolved "https://registry.yarnpkg.com/is-stream/-/is-stream-2.0.1.tgz#fac1e3d53b97ad5a9d0ae9cef2389f5810a5c077"
  integrity sha512-hFoiJiTl63nn+kstHGBtewWSKnQLpyb155KHheA1l39uvtO9nWIop1p3udqPcUd/xbF1VLMO4n7OI6p7RbngDg==

json-bigint@^1.0.0:
  version "1.0.0"
  resolved "https://registry.yarnpkg.com/json-bigint/-/json-bigint-1.0.0.tgz#ae547823ac0cad8398667f8cd9ef4730f5b01ff1"
  integrity sha512-SiPv/8VpZuWbvLSMtTDU8hEfrZWg/mH/nV/b4o0CYbSxu1UIQPLdwKOCIyLQX+VIPO5vrLX3i8qtqFyhdPSUSQ==
  dependencies:
    bignumber.js "^9.0.0"

jsonwebtoken@9.0.0:
  version "9.0.0"
  resolved "https://registry.yarnpkg.com/jsonwebtoken/-/jsonwebtoken-9.0.0.tgz#d0faf9ba1cc3a56255fe49c0961a67e520c1926d"
  integrity sha512-tuGfYXxkQGDPnLJ7SibiQgVgeDgfbPq2k2ICcbgqW8WxWLBAxKQM/ZCu/IT8SOSwmaYl4dpTFCW5xZv7YbbWUw==
  dependencies:
    jws "^3.2.2"
    lodash "^4.17.21"
    ms "^2.1.1"
    semver "^7.3.8"

jsonwebtoken@^9.0.0:
  version "9.0.1"
  resolved "https://registry.yarnpkg.com/jsonwebtoken/-/jsonwebtoken-9.0.1.tgz#81d8c901c112c24e497a55daf6b2be1225b40145"
  integrity sha512-K8wx7eJ5TPvEjuiVSkv167EVboBDv9PZdDoF7BgeQnBLVvZWW9clr2PsQHVJDTKaEIH5JBIwHujGcHp7GgI2eg==
  dependencies:
    jws "^3.2.2"
    lodash "^4.17.21"
    ms "^2.1.1"
    semver "^7.3.8"

jwa@^1.4.1:
  version "1.4.1"
  resolved "https://registry.yarnpkg.com/jwa/-/jwa-1.4.1.tgz#743c32985cb9e98655530d53641b66c8645b039a"
  integrity sha512-qiLX/xhEEFKUAJ6FiBMbes3w9ATzyk5W7Hvzpa/SLYdxNtng+gcurvrI7TbACjIXlsJyr05/S1oUhZrc63evQA==
  dependencies:
    buffer-equal-constant-time "1.0.1"
    ecdsa-sig-formatter "1.0.11"
    safe-buffer "^5.0.1"

jwa@^2.0.0:
  version "2.0.0"
  resolved "https://registry.yarnpkg.com/jwa/-/jwa-2.0.0.tgz#a7e9c3f29dae94027ebcaf49975c9345593410fc"
  integrity sha512-jrZ2Qx916EA+fq9cEAeCROWPTfCwi1IVHqT2tapuqLEVVDKFDENFw1oL+MwrTvH6msKxsd1YTDVw6uKEcsrLEA==
  dependencies:
    buffer-equal-constant-time "1.0.1"
    ecdsa-sig-formatter "1.0.11"
    safe-buffer "^5.0.1"

jws@^3.2.2:
  version "3.2.2"
  resolved "https://registry.yarnpkg.com/jws/-/jws-3.2.2.tgz#001099f3639468c9414000e99995fa52fb478304"
  integrity sha512-YHlZCB6lMTllWDtSPHz/ZXTsi8S00usEV6v1tjq8tOUZzw7DpSDWVXjXDre6ed1w/pd495ODpHZYSdkRTsa0HA==
  dependencies:
    jwa "^1.4.1"
    safe-buffer "^5.0.1"

jws@^4.0.0:
  version "4.0.0"
  resolved "https://registry.yarnpkg.com/jws/-/jws-4.0.0.tgz#2d4e8cf6a318ffaa12615e9dec7e86e6c97310f4"
  integrity sha512-KDncfTmOZoOMTFG4mBlG0qUIOlc03fmzH+ru6RgYVZhPkyiy/92Owlt/8UEN+a4TXR1FQetfIpJE8ApdvdVxTg==
  dependencies:
    jwa "^2.0.0"
    safe-buffer "^5.0.1"

lodash@^4.17.21:
  version "4.17.21"
  resolved "https://registry.yarnpkg.com/lodash/-/lodash-4.17.21.tgz#679591c564c3bffaae8454cf0b3df370c3d6911c"
  integrity sha512-v2kDEe57lecTulaDIuNTPy3Ry4gLGJ6Z1O3vE1krgXZNrsQ+LFTGHVxVjcXPs17LhbZVGedAJv8XZ1tvj5FvSg==

lru-cache@^6.0.0:
  version "6.0.0"
  resolved "https://registry.yarnpkg.com/lru-cache/-/lru-cache-6.0.0.tgz#6d6fe6570ebd96aaf90fcad1dafa3b2566db3a94"
  integrity sha512-Jo6dJ04CmSjuznwJSS3pUeWmd/H0ffTlkXXgwZi+eq1UCmqQwCh+eLsYOYCwY991i2Fah4h1BEMCx4qThGbsiA==
  dependencies:
    yallist "^4.0.0"

ms@2.1.2:
  version "2.1.2"
  resolved "https://registry.yarnpkg.com/ms/-/ms-2.1.2.tgz#d09d1f357b443f493382a8eb3ccd183872ae6009"
  integrity sha512-sGkPx+VjMtmA6MX27oA4FBFELFCZZ4S4XqeGOXCv68tT+jb3vk/RyaKWP0PTKyWtmLSM0b+adUTEvbs1PEaH2w==

ms@^2.1.1:
  version "2.1.3"
  resolved "https://registry.yarnpkg.com/ms/-/ms-2.1.3.tgz#574c8138ce1d2b5861f0b44579dbadd60c6615b2"
  integrity sha512-6FlzubTLZG3J2a/NVCAleEhjzq5oxgHyaCU9yYXvcLsvoVaHJq/s5xXI6/XXP6tz7R9xAOtHnSO/tXtF3WRTlA==

node-fetch@^2.6.9:
  version "2.6.12"
  resolved "https://registry.yarnpkg.com/node-fetch/-/node-fetch-2.6.12.tgz#02eb8e22074018e3d5a83016649d04df0e348fba"
  integrity sha512-C/fGU2E8ToujUivIO0H+tpQ6HWo4eEmchoPIoXtxCrVghxdKq+QOHqEZW7tuP3KlV3bC8FRMO5nMCC7Zm1VP6g==
  dependencies:
    whatwg-url "^5.0.0"

node-forge@^1.3.1:
  version "1.3.1"
  resolved "https://registry.yarnpkg.com/node-forge/-/node-forge-1.3.1.tgz#be8da2af243b2417d5f646a770663a92b7e9ded3"
  integrity sha512-dPEtOeMvF9VMcYV/1Wb8CPoVAXtp6MKMlcbAt4ddqmGqUJ6fQZFXkNZNkNlfevtNkGtaSoXf/vNNNSvgrdXwtA==

oauth@0.9.x:
  version "0.9.15"
  resolved "https://registry.yarnpkg.com/oauth/-/oauth-0.9.15.tgz#bd1fefaf686c96b75475aed5196412ff60cfb9c1"
  integrity sha512-a5ERWK1kh38ExDEfoO6qUHJb32rd7aYmPHuyCu3Fta/cnICvYmgd2uhuKXvPD+PXB+gCEYYEaQdIRAjCOwAKNA==

object-inspect@^1.9.0:
  version "1.12.3"
  resolved "https://registry.yarnpkg.com/object-inspect/-/object-inspect-1.12.3.tgz#ba62dffd67ee256c8c086dfae69e016cd1f198b9"
  integrity sha512-geUvdk7c+eizMNUDkRpW1wJwgfOiOeHbxBR/hLXK1aT6zmVSO0jsQcs7fj6MGw89jC/cjGfLcNOrtMYtGqm81g==

passport-google-oauth20@^2.0.0:
  version "2.0.0"
  resolved "https://registry.yarnpkg.com/passport-google-oauth20/-/passport-google-oauth20-2.0.0.tgz#0d241b2d21ebd3dc7f2b60669ec4d587e3a674ef"
  integrity sha512-KSk6IJ15RoxuGq7D1UKK/8qKhNfzbLeLrG3gkLZ7p4A6DBCcv7xpyQwuXtWdpyR0+E0mwkpjY1VfPOhxQrKzdQ==
  dependencies:
    passport-oauth2 "1.x.x"

passport-jwt@^4.0.1:
  version "4.0.1"
  resolved "https://registry.yarnpkg.com/passport-jwt/-/passport-jwt-4.0.1.tgz#c443795eff322c38d173faa0a3c481479646ec3d"
  integrity sha512-UCKMDYhNuGOBE9/9Ycuoyh7vP6jpeTp/+sfMJl7nLff/t6dps+iaeE0hhNkKN8/HZHcJ7lCdOyDxHdDoxoSvdQ==
  dependencies:
    jsonwebtoken "^9.0.0"
    passport-strategy "^1.0.0"

passport-oauth2@1.x.x:
  version "1.7.0"
  resolved "https://registry.yarnpkg.com/passport-oauth2/-/passport-oauth2-1.7.0.tgz#5c4766c8531ac45ffe9ec2c09de9809e2c841fc4"
  integrity sha512-j2gf34szdTF2Onw3+76alNnaAExlUmHvkc7cL+cmaS5NzHzDP/BvFHJruueQ9XAeNOdpI+CH+PWid8RA7KCwAQ==
  dependencies:
    base64url "3.x.x"
    oauth "0.9.x"
    passport-strategy "1.x.x"
    uid2 "0.0.x"
    utils-merge "1.x.x"

passport-strategy@1.x.x, passport-strategy@^1.0.0:
  version "1.0.0"
  resolved "https://registry.yarnpkg.com/passport-strategy/-/passport-strategy-1.0.0.tgz#b5539aa8fc225a3d1ad179476ddf236b440f52e4"
  integrity sha512-CB97UUvDKJde2V0KDWWB3lyf6PC3FaZP7YxZ2G8OAtn9p4HI9j9JLP9qjOGZFvyl8uwNT8qM+hGnz/n16NI7oA==

qs@^6.7.0:
  version "6.11.2"
  resolved "https://registry.yarnpkg.com/qs/-/qs-6.11.2.tgz#64bea51f12c1f5da1bc01496f48ffcff7c69d7d9"
  integrity sha512-tDNIz22aBzCDxLtVH++VnTfzxlfeK5CbqohpSqpJgj1Wg/cQbStNAz3NuqCs5vV+pjBsK4x4pN9HlVh7rcYRiA==
  dependencies:
    side-channel "^1.0.4"

safe-buffer@^5.0.1:
  version "5.2.1"
  resolved "https://registry.yarnpkg.com/safe-buffer/-/safe-buffer-5.2.1.tgz#1eaf9fa9bdb1fdd4ec75f58f9cdb4e6b7827eec6"
  integrity sha512-rp3So07KcdmmKbGvgaNxQSJr7bGVSVk5S9Eq1F+ppbRo70+YeaDxkw5Dd8NPN+GD6bjnYm2VuPuCXmpuYvmCXQ==

semver@^7.3.8:
  version "7.5.4"
  resolved "https://registry.yarnpkg.com/semver/-/semver-7.5.4.tgz#483986ec4ed38e1c6c48c34894a9182dbff68a6e"
  integrity sha512-1bCSESV6Pv+i21Hvpxp3Dx+pSD8lIPt8uVjRrxAUt/nbswYc+tK6Y2btiULjd4+fnq15PX+nqQDC7Oft7WkwcA==
  dependencies:
    lru-cache "^6.0.0"

side-channel@^1.0.4:
  version "1.0.4"
  resolved "https://registry.yarnpkg.com/side-channel/-/side-channel-1.0.4.tgz#efce5c8fdc104ee751b25c58d4290011fa5ea2cf"
  integrity sha512-q5XPytqFEIKHkGdiMIrY10mvLRvnQh42/+GoBlFW3b2LXLE2xxJpZFdm94we0BaoV3RwJyGqg5wS7epxTv0Zvw==
  dependencies:
    call-bind "^1.0.0"
    get-intrinsic "^1.0.2"
    object-inspect "^1.9.0"

tr46@~0.0.3:
  version "0.0.3"
  resolved "https://registry.yarnpkg.com/tr46/-/tr46-0.0.3.tgz#8184fd347dac9cdc185992f3a6622e14b9d9ab6a"
  integrity sha512-N3WMsuqV66lT30CrXNbEjx4GEwlow3v6rr4mCcv6prnfwhS01rkgyFdjPNBYd9br7LpXV1+Emh01fHnq2Gdgrw==

uid2@0.0.x:
  version "0.0.4"
  resolved "https://registry.yarnpkg.com/uid2/-/uid2-0.0.4.tgz#033f3b1d5d32505f5ce5f888b9f3b667123c0a44"
  integrity sha512-IevTus0SbGwQzYh3+fRsAMTVVPOoIVufzacXcHPmdlle1jUpq7BRL+mw3dgeLanvGZdwwbWhRV6XrcFNdBmjWA==

url-template@^2.0.8:
  version "2.0.8"
  resolved "https://registry.yarnpkg.com/url-template/-/url-template-2.0.8.tgz#fc565a3cccbff7730c775f5641f9555791439f21"
  integrity sha512-XdVKMF4SJ0nP/O7XIPB0JwAEuT9lDIYnNsK8yGVe43y0AWoKeJNdv3ZNWh7ksJ6KqQFjOO6ox/VEitLnaVNufw==

utils-merge@1.x.x:
  version "1.0.1"
  resolved "https://registry.yarnpkg.com/utils-merge/-/utils-merge-1.0.1.tgz#9f95710f50a267947b2ccc124741c1028427e713"
  integrity sha512-pMZTvIkT1d+TFGvDOqodOclx0QWkkgi6Tdoa8gC8ffGAAqz9pzPTZWAybbsHHoED/ztMtkv/VoYTYyShUn81hA==

uuid@^9.0.0:
  version "9.0.0"
  resolved "https://registry.yarnpkg.com/uuid/-/uuid-9.0.0.tgz#592f550650024a38ceb0c562f2f6aa435761efb5"
  integrity sha512-MXcSTerfPa4uqyzStbRoTgt5XIe3x5+42+q1sDuy3R5MDk66URdLMOZe5aPX/SQd+kuYAh0FdP/pO28IkQyTeg==

webidl-conversions@^3.0.0:
  version "3.0.1"
  resolved "https://registry.yarnpkg.com/webidl-conversions/-/webidl-conversions-3.0.1.tgz#24534275e2a7bc6be7bc86611cc16ae0a5654871"
  integrity sha512-2JAn3z8AR6rjK8Sm8orRC0h/bcl/DqL7tRPdGZ4I1CjdF+EaMLmYxBHyXuKL849eucPFhvBoxMsflfOb8kxaeQ==

whatwg-url@^5.0.0:
  version "5.0.0"
  resolved "https://registry.yarnpkg.com/whatwg-url/-/whatwg-url-5.0.0.tgz#966454e8765462e37644d3626f6742ce8b70965d"
  integrity sha512-saE57nupxk6v3HY35+jzBwYa0rKSy0XR8JSxZPwgLr7ys0IBzhGviA1/TUGJLmSVqs8pb9AnvICXEuOHLprYTw==
  dependencies:
    tr46 "~0.0.3"
    webidl-conversions "^3.0.0"

yallist@^4.0.0:
  version "4.0.0"
  resolved "https://registry.yarnpkg.com/yallist/-/yallist-4.0.0.tgz#9bb92790d9c0effec63be73519e11a35019a3a72"
  integrity sha512-3wdGidZyq5PB084XLES5TpOSRA3wjXAlIWMhum2kRcv/41Sn2emQ0dycQW4uZXLejwKvg6EsvbdlVL+FYEct7A==
